{
  "nodes": {
    "nixCats": {
      "locked": {
        "lastModified": 1765766809,
        "narHash": "sha256-3Xp41+Sb1zIzASa1Uu1k1RMUoJ9CGyYb0GtvvpRPBqg=",
        "owner": "BirdeeHub",
        "repo": "nixCats-nvim",
        "rev": "fe157e3ed69ed14b55ca81f597eac282caed58a2",
        "type": "github"
      },
      "original": {
        "owner": "BirdeeHub",
        "repo": "nixCats-nvim",
        "type": "github"
      }
    },
    "nixpkgs": {
      "locked": {
        "lastModified": 1766314097,
        "narHash": "sha256-laJftWbghBehazn/zxVJ8NdENVgjccsWAdAqKXhErrM=",
        "owner": "nixos",
        "repo": "nixpkgs",
        "rev": "306ea70f9eb0fb4e040f8540e2deab32ed7e2055",
        "type": "github"
      },
      "original": {
        "owner": "nixos",
        "ref": "nixpkgs-unstable",
        "repo": "nixpkgs",
        "type": "github"
      }
    },
    "plugins-none-ls-extras": {
      "flake": false,
      "locked": {
        "lastModified": 1765590566,
        "narHash": "sha256-wo8vIK4X4hN7d15IcoeMHgd7OpYz6r0qJV11A+9PycA=",
        "owner": "nvimtools",
        "repo": "none-ls-extras.nvim",
        "rev": "03955d165621300965a6d685c8f399ec7efd5785",
        "type": "github"
      },
      "original": {
        "owner": "nvimtools",
        "repo": "none-ls-extras.nvim",
        "type": "github"
      }
    },
    "root": {
      "inputs": {
        "nixCats": "nixCats",
        "nixpkgs": "nixpkgs",
        "plugins-none-ls-extras": "plugins-none-ls-extras"
      }
    }
  },
  "root": "root",
  "version": 7
}
