{
  "nodes": {
    "nixCats": {
      "locked": {
        "lastModified": 1765766809,
        "narHash": "sha256-3Xp41+Sb1zIzASa1Uu1k1RMUoJ9CGyYb0GtvvpRPBqg=",
        "owner": "BirdeeHub",
        "repo": "nixCats-nvim",
        "rev": "fe157e3ed69ed14b55ca81f597eac282caed58a2",
        "type": "github"
      },
      "original": {
        "owner": "BirdeeHub",
        "repo": "nixCats-nvim",
        "type": "github"
      }
    },
    "nixpkgs": {
      "locked": {
        "lastModified": 1776949667,
        "narHash": "sha256-GMSVw35Q+294GlrTUKlx087E31z7KurReQ1YHSKp5iw=",
        "owner": "nixos",
        "repo": "nixpkgs",
        "rev": "01fbdeef22b76df85ea168fbfe1bfd9e63681b30",
        "type": "github"
      },
      "original": {
        "owner": "nixos",
        "ref": "nixpkgs-unstable",
        "repo": "nixpkgs",
        "type": "github"
      }
    },
    "plugins-maud-fmt": {
      "flake": false,
      "locked": {
        "lastModified": 1767731064,
        "narHash": "sha256-sV+pk1bkVeQxkG8bhXuaURPNqEKcq5itPYsUKJCVMxY=",
        "owner": "eboody",
        "repo": "maud-fmt.nvim",
        "rev": "7fe4715733a5abdb94bdc07160361fd01ce4af35",
        "type": "github"
      },
      "original": {
        "owner": "eboody",
        "repo": "maud-fmt.nvim",
        "type": "github"
      }
    },
    "root": {
      "inputs": {
        "nixCats": "nixCats",
        "nixpkgs": "nixpkgs",
        "plugins-maud-fmt": "plugins-maud-fmt"
      }
    }
  },
  "root": "root",
  "version": 7
}
