{
  "nodes": {
    "nixCats": {
      "locked": {
        "lastModified": 1765766809,
        "narHash": "sha256-3Xp41+Sb1zIzASa1Uu1k1RMUoJ9CGyYb0GtvvpRPBqg=",
        "owner": "BirdeeHub",
        "repo": "nixCats-nvim",
        "rev": "fe157e3ed69ed14b55ca81f597eac282caed58a2",
        "type": "github"
      },
      "original": {
        "owner": "BirdeeHub",
        "repo": "nixCats-nvim",
        "type": "github"
      }
    },
    "nixpkgs": {
      "locked": {
        "lastModified": 1776949667,
        "narHash": "sha256-GMSVw35Q+294GlrTUKlx087E31z7KurReQ1YHSKp5iw=",
        "owner": "nixos",
        "repo": "nixpkgs",
        "rev": "01fbdeef22b76df85ea168fbfe1bfd9e63681b30",
        "type": "github"
      },
      "original": {
        "owner": "nixos",
        "ref": "nixpkgs-unstable",
        "repo": "nixpkgs",
        "type": "github"
      }
    },
    "plugins-checkmate": {
      "flake": false,
      "locked": {
        "lastModified": 1777143557,
        "narHash": "sha256-zJNyjUmkEQqwUA+J1vdq3oVLSXCU9dWMKFB3rNYB0Cw=",
        "owner": "bngarren",
        "repo": "checkmate.nvim",
        "rev": "e57c8b502ab3e77e478e16460fcc2d2a16082f73",
        "type": "github"
      },
      "original": {
        "owner": "bngarren",
        "repo": "checkmate.nvim",
        "type": "github"
      }
    },
    "plugins-maud-fmt": {
      "flake": false,
      "locked": {
        "lastModified": 1767731064,
        "narHash": "sha256-sV+pk1bkVeQxkG8bhXuaURPNqEKcq5itPYsUKJCVMxY=",
        "owner": "eboody",
        "repo": "maud-fmt.nvim",
        "rev": "7fe4715733a5abdb94bdc07160361fd01ce4af35",
        "type": "github"
      },
      "original": {
        "owner": "eboody",
        "repo": "maud-fmt.nvim",
        "type": "github"
      }
    },
    "rhai-lsp-src": {
      "flake": false,
      "locked": {
        "lastModified": 1666736799,
        "narHash": "sha256-cgcOjlCYMMGNnI2uUBubX6xbntTKj5F+C1Yi/GVtSQ4=",
        "owner": "rhaiscript",
        "repo": "lsp",
        "rev": "2f1fcd73f43b909d1d5e96123516e599b9aaaa88",
        "type": "github"
      },
      "original": {
        "owner": "rhaiscript",
        "repo": "lsp",
        "rev": "2f1fcd73f43b909d1d5e96123516e599b9aaaa88",
        "type": "github"
      }
    },
    "root": {
      "inputs": {
        "nixCats": "nixCats",
        "nixpkgs": "nixpkgs",
        "plugins-checkmate": "plugins-checkmate",
        "plugins-maud-fmt": "plugins-maud-fmt",
        "rhai-lsp-src": "rhai-lsp-src",
        "tree-sitter-rhai-src": "tree-sitter-rhai-src"
      }
    },
    "tree-sitter-rhai-src": {
      "flake": false,
      "locked": {
        "lastModified": 1734367085,
        "narHash": "sha256-cRei23VZH+IVUSiWYC+0OXVISUJbn3UVgzVK2uSDhyA=",
        "owner": "elkowar",
        "repo": "tree-sitter-rhai",
        "rev": "9effbd906ef4bcd29445875beee0daa74341e068",
        "type": "github"
      },
      "original": {
        "owner": "elkowar",
        "repo": "tree-sitter-rhai",
        "type": "github"
      }
    }
  },
  "root": "root",
  "version": 7
}
